
Microsoft Visual Studio Solution File, Format Version 12.00
# Visual Studio Version 17
VisualStudioVersion = 17.8.34330.188
MinimumVisualStudioVersion = 10.0.40219.1
Project("{8BC9CEB8-8B4A-11D0-8D11-00A0C91BC942}") = "Server", "Server\Server.vcxproj", "{89876852-DB64-443C-880B-1432E0CA8389}"
EndProject
Global
	GlobalSection(SolutionConfigurationPlatforms) = preSolution
		Debug|x64 = Debug|x64
		Debug|x86 = Debug|x86
		Release|x64 = Release|x64
		Release|x86 = Release|x86
	EndGlobalSection
	GlobalSection(ProjectConfigurationPlatforms) = postSolution
		{89876852-DB64-443C-880B-1432E0CA8389}.Debug|x64.ActiveCfg = Debug|x64
		{89876852-DB64-443C-880B-1432E0CA8389}.Debug|x64.Build.0 = Debug|x64
		{89876852-DB64-443C-880B-1432E0CA8389}.Debug|x86.ActiveCfg = Debug|Win32
		{89876852-DB64-443C-880B-1432E0CA8389}.Debug|x86.Build.0 = Debug|Win32
		{89876852-DB64-443C-880B-1432E0CA8389}.Release|x64.ActiveCfg = Release|x64
		{89876852-DB64-443C-880B-1432E0CA8389}.Release|x64.Build.0 = Release|x64
		{89876852-DB64-443C-880B-1432E0CA8389}.Release|x86.ActiveCfg = Release|Win32
		{89876852-DB64-443C-880B-1432E0CA8389}.Release|x86.Build.0 = Release|Win32
	EndGlobalSection
	GlobalSection(SolutionProperties) = preSolution
		HideSolutionNode = FALSE
	EndGlobalSection
	GlobalSection(ExtensibilityGlobals) = postSolution
		SolutionGuid = {868F7E0F-5F58-48B8-99DC-0DC6100B4810}
	EndGlobalSection
EndGlobal
